
Microsoft Visual Studio Solution File, Format Version 12.00
# Visual Studio Version 17
VisualStudioVersion = 17.8.34330.188
MinimumVisualStudioVersion = 10.0.40219.1
Project("{FAE04EC0-301F-11D3-BF4B-00C04F79EFBC}") = "RazorPageFormApp", "RazorPageFormApp\RazorPageFormApp.csproj", "{FBA42195-331E-4737-A838-3FE69C3C9449}"
EndProject
Global
	GlobalSection(SolutionConfigurationPlatforms) = preSolution
		Debug|Any CPU = Debug|Any CPU
		Release|Any CPU = Release|Any CPU
	EndGlobalSection
	GlobalSection(ProjectConfigurationPlatforms) = postSolution
		{FBA42195-331E-4737-A838-3FE69C3C9449}.Debug|Any CPU.ActiveCfg = Debug|Any CPU
		{FBA42195-331E-4737-A838-3FE69C3C9449}.Debug|Any CPU.Build.0 = Debug|Any CPU
		{FBA42195-331E-4737-A838-3FE69C3C9449}.Release|Any CPU.ActiveCfg = Release|Any CPU
		{FBA42195-331E-4737-A838-3FE69C3C9449}.Release|Any CPU.Build.0 = Release|Any CPU
	EndGlobalSection
	GlobalSection(SolutionProperties) = preSolution
		HideSolutionNode = FALSE
	EndGlobalSection
	GlobalSection(ExtensibilityGlobals) = postSolution
		SolutionGuid = {8DDC5CC7-041C-4762-913B-109765362D8A}
	EndGlobalSection
EndGlobal
