
Microsoft Visual Studio Solution File, Format Version 12.00
# Visual Studio Version 17
VisualStudioVersion = 17.8.34330.188
MinimumVisualStudioVersion = 10.0.40219.1
Project("{FAE04EC0-301F-11D3-BF4B-00C04F79EFBC}") = "MvcIdenityLaterAddApp", "MvcIdenityLaterAddApp\MvcIdenityLaterAddApp.csproj", "{657CC4C6-AD1F-4B9D-9BF8-DA78D0794E40}"
EndProject
Global
	GlobalSection(SolutionConfigurationPlatforms) = preSolution
		Debug|Any CPU = Debug|Any CPU
		Release|Any CPU = Release|Any CPU
	EndGlobalSection
	GlobalSection(ProjectConfigurationPlatforms) = postSolution
		{657CC4C6-AD1F-4B9D-9BF8-DA78D0794E40}.Debug|Any CPU.ActiveCfg = Debug|Any CPU
		{657CC4C6-AD1F-4B9D-9BF8-DA78D0794E40}.Debug|Any CPU.Build.0 = Debug|Any CPU
		{657CC4C6-AD1F-4B9D-9BF8-DA78D0794E40}.Release|Any CPU.ActiveCfg = Release|Any CPU
		{657CC4C6-AD1F-4B9D-9BF8-DA78D0794E40}.Release|Any CPU.Build.0 = Release|Any CPU
	EndGlobalSection
	GlobalSection(SolutionProperties) = preSolution
		HideSolutionNode = FALSE
	EndGlobalSection
	GlobalSection(ExtensibilityGlobals) = postSolution
		SolutionGuid = {2D3E7787-A458-4EDD-8EA5-976D8CD0E47D}
	EndGlobalSection
EndGlobal
